
Microsoft Visual Studio Solution File, Format Version 12.00
# Visual Studio Version 16
VisualStudioVersion = 16.0.808.4
MinimumVisualStudioVersion = 10.0.40219.1
Project("{FAE04EC0-301F-11D3-BF4B-00C04F79EFBC}") = "Dates", "Dates\Dates.csproj", "{1BA0D7D7-6F00-4CE3-90B0-04DB4E85103E}"
EndProject
Global
	GlobalSection(SolutionConfigurationPlatforms) = preSolution
		Debug|Any CPU = Debug|Any CPU
		Release|Any CPU = Release|Any CPU
	EndGlobalSection
	GlobalSection(ProjectConfigurationPlatforms) = postSolution
		{1BA0D7D7-6F00-4CE3-90B0-04DB4E85103E}.Debug|Any CPU.ActiveCfg = Debug|Any CPU
		{1BA0D7D7-6F00-4CE3-90B0-04DB4E85103E}.Debug|Any CPU.Build.0 = Debug|Any CPU
		{1BA0D7D7-6F00-4CE3-90B0-04DB4E85103E}.Release|Any CPU.ActiveCfg = Release|Any CPU
		{1BA0D7D7-6F00-4CE3-90B0-04DB4E85103E}.Release|Any CPU.Build.0 = Release|Any CPU
	EndGlobalSection
	GlobalSection(SolutionProperties) = preSolution
		HideSolutionNode = FALSE
	EndGlobalSection
	GlobalSection(ExtensibilityGlobals) = postSolution
		SolutionGuid = {F67BF4F0-5A81-404F-B828-4B900E7CDCCD}
	EndGlobalSection
EndGlobal
